
Microsoft Visual Studio Solution File, Format Version 10.00
# Visual C++ Express 2008
Project("{8BC9CEB8-8B4A-11D0-8D11-00A0C91BC942}") = "play_ds", "src\play_2k8.vcproj", "{9D10E0D3-986D-4755-9A75-A233D7D6BAD5}"
EndProject
Global
	GlobalSection(SolutionConfigurationPlatforms) = preSolution
		Release|Win32 = Release|Win32
	EndGlobalSection
	GlobalSection(ProjectConfigurationPlatforms) = postSolution
		{9D10E0D3-986D-4755-9A75-A233D7D6BAD5}.Release|Win32.ActiveCfg = Release|Win32
		{9D10E0D3-986D-4755-9A75-A233D7D6BAD5}.Release|Win32.Build.0 = Release|Win32
	EndGlobalSection
	GlobalSection(SolutionProperties) = preSolution
		HideSolutionNode = FALSE
	EndGlobalSection
EndGlobal
